
Microsoft Visual Studio Solution File, Format Version 12.00
Project("{FAE04EC0-301F-11D3-BF4B-00C04F79EFBC}") = "Autobots", "Autobots\Autobots.csproj", "{E1F60129-4006-4CC8-9EA6-2450DCA5EA05}"
EndProject
Project("{FAE04EC0-301F-11D3-BF4B-00C04F79EFBC}") = "Repositories", "Repositories\Repositories.csproj", "{B56064B5-E49C-4847-902A-9F68265D950A}"
EndProject
Project("{FAE04EC0-301F-11D3-BF4B-00C04F79EFBC}") = "ElectricCalculator", "ElectricCalculator\ElectricCalculator.csproj", "{DAB1D897-D1C5-4C32-A2EA-CCBAED9C04F9}"
EndProject
Project("{FAE04EC0-301F-11D3-BF4B-00C04F79EFBC}") = "HanziCollector", "HanziCollector\HanziCollector.csproj", "{B7E9390F-27C3-451C-9025-B92D19263021}"
EndProject
Project("{2150E333-8FDC-42A3-9474-1A3956D46DE8}") = "Presentation", "Presentation", "{A77B20BD-8946-4561-9853-337A6AFB0394}"
EndProject
Project("{2150E333-8FDC-42A3-9474-1A3956D46DE8}") = "Domain", "Domain", "{C95B3C09-D482-4CA3-AFB3-BC48B6D9D544}"
EndProject
Project("{2150E333-8FDC-42A3-9474-1A3956D46DE8}") = "Infrastructure", "Infrastructure", "{FF92111C-C4CF-4CC2-8A06-6BEDF760D738}"
EndProject
Project("{FAE04EC0-301F-11D3-BF4B-00C04F79EFBC}") = "IsolatedWorkerAutobot", "IsolatedWorkerAutobot\IsolatedWorkerAutobot.csproj", "{3AF35AB0-7E3B-4110-917F-153A169E3DB0}"
EndProject
Project("{FAE04EC0-301F-11D3-BF4B-00C04F79EFBC}") = "IAM", "IAM\IAM.csproj", "{176A81DA-36B3-4C91-B8F6-D92535C50E60}"
EndProject
Project("{FAE04EC0-301F-11D3-BF4B-00C04F79EFBC}") = "CosmosRepository", "CosmosRepository\CosmosRepository.csproj", "{18650963-6A02-4809-BA16-AA67F2C0E30E}"
EndProject
Global
	GlobalSection(SolutionConfigurationPlatforms) = preSolution
		Debug|Any CPU = Debug|Any CPU
		Release|Any CPU = Release|Any CPU
	EndGlobalSection
	GlobalSection(ProjectConfigurationPlatforms) = postSolution
		{E1F60129-4006-4CC8-9EA6-2450DCA5EA05}.Debug|Any CPU.ActiveCfg = Debug|Any CPU
		{E1F60129-4006-4CC8-9EA6-2450DCA5EA05}.Debug|Any CPU.Build.0 = Debug|Any CPU
		{E1F60129-4006-4CC8-9EA6-2450DCA5EA05}.Release|Any CPU.ActiveCfg = Release|Any CPU
		{E1F60129-4006-4CC8-9EA6-2450DCA5EA05}.Release|Any CPU.Build.0 = Release|Any CPU
		{B56064B5-E49C-4847-902A-9F68265D950A}.Debug|Any CPU.ActiveCfg = Debug|Any CPU
		{B56064B5-E49C-4847-902A-9F68265D950A}.Debug|Any CPU.Build.0 = Debug|Any CPU
		{B56064B5-E49C-4847-902A-9F68265D950A}.Release|Any CPU.ActiveCfg = Release|Any CPU
		{B56064B5-E49C-4847-902A-9F68265D950A}.Release|Any CPU.Build.0 = Release|Any CPU
		{DAB1D897-D1C5-4C32-A2EA-CCBAED9C04F9}.Debug|Any CPU.ActiveCfg = Debug|Any CPU
		{DAB1D897-D1C5-4C32-A2EA-CCBAED9C04F9}.Debug|Any CPU.Build.0 = Debug|Any CPU
		{DAB1D897-D1C5-4C32-A2EA-CCBAED9C04F9}.Release|Any CPU.ActiveCfg = Release|Any CPU
		{DAB1D897-D1C5-4C32-A2EA-CCBAED9C04F9}.Release|Any CPU.Build.0 = Release|Any CPU
		{B7E9390F-27C3-451C-9025-B92D19263021}.Debug|Any CPU.ActiveCfg = Debug|Any CPU
		{B7E9390F-27C3-451C-9025-B92D19263021}.Debug|Any CPU.Build.0 = Debug|Any CPU
		{B7E9390F-27C3-451C-9025-B92D19263021}.Release|Any CPU.ActiveCfg = Release|Any CPU
		{B7E9390F-27C3-451C-9025-B92D19263021}.Release|Any CPU.Build.0 = Release|Any CPU
		{3AF35AB0-7E3B-4110-917F-153A169E3DB0}.Debug|Any CPU.ActiveCfg = Debug|Any CPU
		{3AF35AB0-7E3B-4110-917F-153A169E3DB0}.Debug|Any CPU.Build.0 = Debug|Any CPU
		{3AF35AB0-7E3B-4110-917F-153A169E3DB0}.Release|Any CPU.ActiveCfg = Release|Any CPU
		{3AF35AB0-7E3B-4110-917F-153A169E3DB0}.Release|Any CPU.Build.0 = Release|Any CPU
		{176A81DA-36B3-4C91-B8F6-D92535C50E60}.Debug|Any CPU.ActiveCfg = Debug|Any CPU
		{176A81DA-36B3-4C91-B8F6-D92535C50E60}.Debug|Any CPU.Build.0 = Debug|Any CPU
		{176A81DA-36B3-4C91-B8F6-D92535C50E60}.Release|Any CPU.ActiveCfg = Release|Any CPU
		{176A81DA-36B3-4C91-B8F6-D92535C50E60}.Release|Any CPU.Build.0 = Release|Any CPU
		{18650963-6A02-4809-BA16-AA67F2C0E30E}.Debug|Any CPU.ActiveCfg = Debug|Any CPU
		{18650963-6A02-4809-BA16-AA67F2C0E30E}.Debug|Any CPU.Build.0 = Debug|Any CPU
		{18650963-6A02-4809-BA16-AA67F2C0E30E}.Release|Any CPU.ActiveCfg = Release|Any CPU
		{18650963-6A02-4809-BA16-AA67F2C0E30E}.Release|Any CPU.Build.0 = Release|Any CPU
	EndGlobalSection
	GlobalSection(NestedProjects) = preSolution
		{DAB1D897-D1C5-4C32-A2EA-CCBAED9C04F9} = {C95B3C09-D482-4CA3-AFB3-BC48B6D9D544}
		{B7E9390F-27C3-451C-9025-B92D19263021} = {C95B3C09-D482-4CA3-AFB3-BC48B6D9D544}
		{E1F60129-4006-4CC8-9EA6-2450DCA5EA05} = {A77B20BD-8946-4561-9853-337A6AFB0394}
		{B56064B5-E49C-4847-902A-9F68265D950A} = {FF92111C-C4CF-4CC2-8A06-6BEDF760D738}
		{3AF35AB0-7E3B-4110-917F-153A169E3DB0} = {A77B20BD-8946-4561-9853-337A6AFB0394}
		{176A81DA-36B3-4C91-B8F6-D92535C50E60} = {C95B3C09-D482-4CA3-AFB3-BC48B6D9D544}
		{18650963-6A02-4809-BA16-AA67F2C0E30E} = {FF92111C-C4CF-4CC2-8A06-6BEDF760D738}
	EndGlobalSection
EndGlobal
